{
  "name": "@raeburn/publishing-engine",
  "version": "0.1.0",
  "lockfileVersion": 3,
  "requires": true,
  "packages": {
    "": {
      "name": "@raeburn/publishing-engine",
      "version": "0.1.0",
      "workspaces": [
        "apps/*",
        "packages/*"
      ],
      "dependencies": {
        "postgres": "3.4.7"
      },
      "devDependencies": {
        "@neon/config": "^1.8.4"
      },
      "engines": {
        "node": "22.16.x",
        "npm": "10.9.x"
      }
    },
    "apps/api": {
      "name": "@raeburn/api",
      "version": "0.1.0"
    },
    "apps/worker": {
      "name": "@raeburn/worker",
      "version": "0.1.0"
    },
    "node_modules/@neon/config": {
      "version": "1.8.4",
      "resolved": "https://registry.npmjs.org/@neon/config/-/config-1.8.4.tgz",
      "integrity": "sha512-N4J8XxFicf6XoGNceAAAGfzZGedZjV/iOGnbpPAQV2qkIP4oLnkvumdR5kstEmoVgktJV7DfqVd9I6923JZGtg==",
      "dev": true,
      "license": "Apache-2.0",
      "dependencies": {
        "@neon/sdk": "7.0.1",
        "jiti": "^2.7.0",
        "zod": "^4.4.3"
      },
      "engines": {
        "node": ">=20.19.0"
      }
    },
    "node_modules/@neon/sdk": {
      "version": "7.0.1",
      "resolved": "https://registry.npmjs.org/@neon/sdk/-/sdk-7.0.1.tgz",
      "integrity": "sha512-Zyo84tVyK3cO/vkREgFSPZ0llGoWNgcbbz38/UkqyqKN/Ky6huHibTCyvnlnBV1aeWnJhEhg9W0HIylE6sCS0g==",
      "dev": true,
      "license": "Apache-2.0",
      "engines": {
        "node": ">=20.19.0"
      }
    },
    "node_modules/@raeburn/api": {
      "resolved": "apps/api",
      "link": true
    },
    "node_modules/@raeburn/articles": {
      "resolved": "packages/articles",
      "link": true
    },
    "node_modules/@raeburn/config": {
      "resolved": "packages/config",
      "link": true
    },
    "node_modules/@raeburn/distribution": {
      "resolved": "packages/distribution",
      "link": true
    },
    "node_modules/@raeburn/domain": {
      "resolved": "packages/domain",
      "link": true
    },
    "node_modules/@raeburn/newsroom": {
      "resolved": "packages/newsroom",
      "link": true
    },
    "node_modules/@raeburn/postgres": {
      "resolved": "packages/postgres",
      "link": true
    },
    "node_modules/@raeburn/providers": {
      "resolved": "packages/providers",
      "link": true
    },
    "node_modules/@raeburn/publisher": {
      "resolved": "packages/publisher",
      "link": true
    },
    "node_modules/@raeburn/security": {
      "resolved": "packages/security",
      "link": true
    },
    "node_modules/@raeburn/signals": {
      "resolved": "packages/signals",
      "link": true
    },
    "node_modules/@raeburn/worker": {
      "resolved": "apps/worker",
      "link": true
    },
    "node_modules/@raeburn/workflow": {
      "resolved": "packages/workflow",
      "link": true
    },
    "node_modules/jiti": {
      "version": "2.7.0",
      "resolved": "https://registry.npmjs.org/jiti/-/jiti-2.7.0.tgz",
      "integrity": "sha512-AC/7JofJvZGrrneWNaEnJeOLUx+JlGt7tNa0wZiRPT4MY1wmfKjt2+6O2p2uz2+skll8OZZmJMNqeke7kKbNgQ==",
      "dev": true,
      "license": "MIT",
      "bin": {
        "jiti": "lib/jiti-cli.mjs"
      }
    },
    "node_modules/postgres": {
      "version": "3.4.7",
      "resolved": "https://registry.npmjs.org/postgres/-/postgres-3.4.7.tgz",
      "integrity": "sha512-Jtc2612XINuBjIl/QTWsV5UvE8UHuNblcO3vVADSrKsrc6RqGX6lOW1cEo3CM2v0XG4Nat8nI+YM7/f26VxXLw==",
      "license": "Unlicense",
      "engines": {
        "node": ">=12"
      },
      "funding": {
        "type": "individual",
        "url": "https://github.com/sponsors/porsager"
      }
    },
    "node_modules/zod": {
      "version": "4.6.5",
      "resolved": "https://registry.npmjs.org/zod/-/zod-4.6.5.tgz",
      "integrity": "sha512-v5l/aFXZQeai4awLbOpSoHecE9UiMrnfx75tEXLjNonXVARxQ5mOeipTjROUchszUNCqnE+hqAMujRsRHsut2Q==",
      "dev": true,
      "license": "MIT",
      "funding": {
        "url": "https://github.com/sponsors/colinhacks"
      }
    },
    "packages/articles": {
      "name": "@raeburn/articles",
      "version": "0.1.0"
    },
    "packages/config": {
      "name": "@raeburn/config",
      "version": "0.1.0"
    },
    "packages/distribution": {
      "name": "@raeburn/distribution",
      "version": "0.1.0"
    },
    "packages/domain": {
      "name": "@raeburn/domain",
      "version": "0.1.0"
    },
    "packages/newsroom": {
      "name": "@raeburn/newsroom",
      "version": "0.1.0"
    },
    "packages/postgres": {
      "name": "@raeburn/postgres",
      "version": "0.1.0"
    },
    "packages/providers": {
      "name": "@raeburn/providers",
      "version": "0.1.0"
    },
    "packages/publisher": {
      "name": "@raeburn/publisher",
      "version": "0.1.0"
    },
    "packages/security": {
      "name": "@raeburn/security",
      "version": "0.1.0"
    },
    "packages/signals": {
      "name": "@raeburn/signals",
      "version": "0.1.0"
    },
    "packages/workflow": {
      "name": "@raeburn/workflow",
      "version": "0.1.0"
    }
  }
}
