{
  "name": "@raeburn/publishing-engine",
  "version": "0.1.0",
  "lockfileVersion": 3,
  "requires": true,
  "packages": {
    "": {
      "name": "@raeburn/publishing-engine",
      "version": "0.1.0",
      "workspaces": [
        "apps/*",
        "packages/*"
      ],
      "engines": {
        "node": "22.16.x",
        "npm": "10.9.x"
      }
    },
    "apps/api": {
      "name": "@raeburn/api",
      "version": "0.1.0"
    },
    "apps/worker": {
      "name": "@raeburn/worker",
      "version": "0.1.0"
    },
    "node_modules/@raeburn/api": {
      "resolved": "apps/api",
      "link": true
    },
    "node_modules/@raeburn/articles": {
      "resolved": "packages/articles",
      "link": true
    },
    "node_modules/@raeburn/config": {
      "resolved": "packages/config",
      "link": true
    },
    "node_modules/@raeburn/domain": {
      "resolved": "packages/domain",
      "link": true
    },
    "node_modules/@raeburn/publisher": {
      "resolved": "packages/publisher",
      "link": true
    },
    "node_modules/@raeburn/security": {
      "resolved": "packages/security",
      "link": true
    },
    "node_modules/@raeburn/signals": {
      "resolved": "packages/signals",
      "link": true
    },
    "node_modules/@raeburn/worker": {
      "resolved": "apps/worker",
      "link": true
    },
    "node_modules/@raeburn/workflow": {
      "resolved": "packages/workflow",
      "link": true
    },
    "packages/articles": {
      "name": "@raeburn/articles",
      "version": "0.1.0"
    },
    "packages/config": {
      "name": "@raeburn/config",
      "version": "0.1.0"
    },
    "packages/domain": {
      "name": "@raeburn/domain",
      "version": "0.1.0"
    },
    "packages/publisher": {
      "name": "@raeburn/publisher",
      "version": "0.1.0"
    },
    "packages/security": {
      "name": "@raeburn/security",
      "version": "0.1.0"
    },
    "packages/signals": {
      "name": "@raeburn/signals",
      "version": "0.1.0"
    },
    "packages/workflow": {
      "name": "@raeburn/workflow",
      "version": "0.1.0"
    }
  }
}
